
Microsoft Visual Studio Solution File, Format Version 12.00
# Visual Studio 15
VisualStudioVersion = 15.0.28010.2026
MinimumVisualStudioVersion = 10.0.40219.1
Project("{9A19103F-16F7-4668-BE54-9A1E7A4F7556}") = "Orleans.Streams.Utils", "Orleans.Streams.Utils\Orleans.Streams.Utils.csproj", "{02F19193-AD76-497B-B12E-0139BB0BD5DB}"
EndProject
Project("{2150E333-8FDC-42A3-9474-1A3956D46DE8}") = "tools", "tools", "{55DBDFE0-6B9A-4A29-B9CC-EF341E667569}"
	ProjectSection(SolutionItems) = preProject
		.editorconfig = .editorconfig
		.circleci\config.yml = .circleci\config.yml
		Directory.Build.props = Directory.Build.props
		package.json = package.json
	EndProjectSection
EndProject
Global
	GlobalSection(SolutionConfigurationPlatforms) = preSolution
		Debug|Any CPU = Debug|Any CPU
		Release|Any CPU = Release|Any CPU
	EndGlobalSection
	GlobalSection(ProjectConfigurationPlatforms) = postSolution
		{02F19193-AD76-497B-B12E-0139BB0BD5DB}.Debug|Any CPU.ActiveCfg = Debug|Any CPU
		{02F19193-AD76-497B-B12E-0139BB0BD5DB}.Debug|Any CPU.Build.0 = Debug|Any CPU
		{02F19193-AD76-497B-B12E-0139BB0BD5DB}.Release|Any CPU.ActiveCfg = Release|Any CPU
		{02F19193-AD76-497B-B12E-0139BB0BD5DB}.Release|Any CPU.Build.0 = Release|Any CPU
	EndGlobalSection
	GlobalSection(SolutionProperties) = preSolution
		HideSolutionNode = FALSE
	EndGlobalSection
	GlobalSection(ExtensibilityGlobals) = postSolution
		SolutionGuid = {836308AA-630F-4B77-995D-028DE1A3FD87}
	EndGlobalSection
EndGlobal
